
Microsoft Visual Studio Solution File, Format Version 12.00
# Visual Studio Version 16
VisualStudioVersion = 16.0.29102.190
MinimumVisualStudioVersion = 10.0.40219.1
Project("{FAE04EC0-301F-11D3-BF4B-00C04F79EFBC}") = "3_WPF.Layout", "3_WPF.Layout\3_WPF.Layout.csproj", "{E6DAF992-AFE5-4DA4-923F-DDB8D2CC4CD0}"
EndProject
Project("{FAE04EC0-301F-11D3-BF4B-00C04F79EFBC}") = "2_Wpf.Controls", "..\..\ConsoleApp1\Wpf.Events\2_Wpf.Controls.csproj", "{C0F35835-E9E7-40D5-8F6C-EDAB6C960EA1}"
EndProject
Global
	GlobalSection(SolutionConfigurationPlatforms) = preSolution
		Debug|Any CPU = Debug|Any CPU
		Release|Any CPU = Release|Any CPU
	EndGlobalSection
	GlobalSection(ProjectConfigurationPlatforms) = postSolution
		{E6DAF992-AFE5-4DA4-923F-DDB8D2CC4CD0}.Debug|Any CPU.ActiveCfg = Debug|Any CPU
		{E6DAF992-AFE5-4DA4-923F-DDB8D2CC4CD0}.Debug|Any CPU.Build.0 = Debug|Any CPU
		{E6DAF992-AFE5-4DA4-923F-DDB8D2CC4CD0}.Release|Any CPU.ActiveCfg = Release|Any CPU
		{E6DAF992-AFE5-4DA4-923F-DDB8D2CC4CD0}.Release|Any CPU.Build.0 = Release|Any CPU
		{C0F35835-E9E7-40D5-8F6C-EDAB6C960EA1}.Debug|Any CPU.ActiveCfg = Debug|Any CPU
		{C0F35835-E9E7-40D5-8F6C-EDAB6C960EA1}.Debug|Any CPU.Build.0 = Debug|Any CPU
		{C0F35835-E9E7-40D5-8F6C-EDAB6C960EA1}.Release|Any CPU.ActiveCfg = Release|Any CPU
		{C0F35835-E9E7-40D5-8F6C-EDAB6C960EA1}.Release|Any CPU.Build.0 = Release|Any CPU
	EndGlobalSection
	GlobalSection(SolutionProperties) = preSolution
		HideSolutionNode = FALSE
	EndGlobalSection
	GlobalSection(ExtensibilityGlobals) = postSolution
		SolutionGuid = {88A61641-D243-4AA9-8A7D-22D1792D8E50}
	EndGlobalSection
EndGlobal
